version = 1
revision = 3
requires-python = "==3.10.*"
resolution-markers = [
    "platform_machine == 'x86_64' and sys_platform == 'linux'",
]
supported-markers = [
    "platform_machine == 'x86_64' and sys_platform == 'linux'",
]

[manifest]
constraints = [
    { name = "absl-py", specifier = "==2.5.0" },
    { name = "astunparse", specifier = "==1.6.3" },
    { name = "biopython", specifier = "==1.81" },
    { name = "certifi", specifier = "==2026.7.22" },
    { name = "cffi", specifier = "==2.1.1" },
    { name = "charset-normalizer", specifier = "==3.5.1" },
    { name = "cryptography", specifier = "==50.0.1" },
    { name = "flatbuffers", specifier = "==25.12.19" },
    { name = "gast", specifier = "==0.4.0" },
    { name = "google-auth", specifier = "==2.58.1" },
    { name = "google-auth-oauthlib", specifier = "==0.4.6" },
    { name = "google-pasta", specifier = "==0.2.0" },
    { name = "grpcio", specifier = "==1.84.0" },
    { name = "h5py", specifier = "==3.16.0" },
    { name = "idna", specifier = "==3.20" },
    { name = "keras", specifier = "==2.11.0" },
    { name = "libclang", specifier = "==18.1.1" },
    { name = "markdown", specifier = "==3.10.3" },
    { name = "markupsafe", specifier = "==3.0.3" },
    { name = "numpy", specifier = "==1.23.5" },
    { name = "oauthlib", specifier = "==3.3.1" },
    { name = "opt-einsum", specifier = "==3.4.0" },
    { name = "packaging", specifier = "==26.3" },
    { name = "pandas", specifier = "==1.5.3" },
    { name = "protobuf", specifier = "==3.19.6" },
    { name = "pyasn1", specifier = "==0.6.4" },
    { name = "pyasn1-modules", specifier = "==0.4.2" },
    { name = "pycparser", specifier = "==3.0" },
    { name = "python-dateutil", specifier = "==2.9.0.post0" },
    { name = "pytz", specifier = "==2026.4" },
    { name = "requests", specifier = "==2.34.2" },
    { name = "requests-oauthlib", specifier = "==2.0.0" },
    { name = "setuptools", specifier = "==84.0.0" },
    { name = "six", specifier = "==1.17.0" },
    { name = "tensorboard", specifier = "==2.11.2" },
    { name = "tensorboard-data-server", specifier = "==0.6.1" },
    { name = "tensorboard-plugin-wit", specifier = "==1.8.1" },
    { name = "tensorflow", specifier = "==2.11.0" },
    { name = "tensorflow-estimator", specifier = "==2.11.0" },
    { name = "tensorflow-io-gcs-filesystem", specifier = "==0.37.1" },
    { name = "termcolor", specifier = "==3.3.0" },
    { name = "typing-extensions", specifier = "==4.16.0" },
    { name = "urllib3", specifier = "==2.8.0" },
    { name = "werkzeug", specifier = "==3.1.8" },
    { name = "wheel", specifier = "==0.48.0" },
    { name = "wrapt", specifier = "==2.4.1" },
]

[[package]]
name = "absl-py"
version = "2.5.0"
source = { registry = "https://pypi.org/simple" }
sdist = { url = "https://files.pythonhosted.org/packages/d0/4f/d79676ab82f2e42fc3611618139f13a9c4c31d0cff4b486982047679a802/absl_py-2.5.0.tar.gz", hash = "sha256:0c996f25c0490700fadabe6351630f6111534fa0ae252cc6d2014ea3b141135f", size = 118119, upload-time = "2026-07-03T10:57:48.157Z" }
wheels = [
    { url = "https://files.pythonhosted.org/packages/58/0a/a10b45aab35b175aded078a462dc8d0c698f5b13946e7cb0869097b78bb6/absl_py-2.5.0-py3-none-any.whl", hash = "sha256:0f17b89f2a4eaaedc4f28c622998aa690564b3012a396a4ffad0821007fe03ba", size = 137410, upload-time = "2026-07-03T10:57:46.735Z" },
]

[[package]]
name = "amp-deepamp-environment"
version = "0.1.0"
source = { virtual = "." }
dependencies = [
    { name = "biopython" },
    { name = "numpy" },
    { name = "pandas" },
    { name = "tensorflow" },
]

[package.metadata]
requires-dist = [
    { name = "biopython", specifier = "==1.81" },
    { name = "numpy", specifier = "==1.23.5" },
    { name = "pandas", specifier = "==1.5.3" },
    { name = "tensorflow", specifier = "==2.11.0" },
]

[[package]]
name = "astunparse"
version = "1.6.3"
source = { registry = "https://pypi.org/simple" }
dependencies = [
    { name = "six" },
    { name = "wheel" },
]
sdist = { url = "https://files.pythonhosted.org/packages/f3/af/4182184d3c338792894f34a62672919db7ca008c89abee9b564dd34d8029/astunparse-1.6.3.tar.gz", hash = "sha256:5ad93a8456f0d084c3456d059fd9a92cce667963232cbf763eac3bc5b7940872", size = 18290, upload-time = "2019-12-22T18:12:13.129Z" }
wheels = [
    { url = "https://files.pythonhosted.org/packages/2b/03/13dde6512ad7b4557eb792fbcf0c653af6076b81e5941d36ec61f7ce6028/astunparse-1.6.3-py2.py3-none-any.whl", hash = "sha256:c2652417f2c8b5bb325c885ae329bdf3f86424075c4fd1a128674bc6fba4b8e8", size = 12732, upload-time = "2019-12-22T18:12:11.297Z" },
]

[[package]]
name = "biopython"
version = "1.81"
source = { registry = "https://pypi.org/simple" }
dependencies = [
    { name = "numpy" },
]
sdist = { url = "https://files.pythonhosted.org/packages/ad/a4/237edd5f5e5b68d9543c79bcd695ef881e6317fbd0eae1b1e53e694f9d54/biopython-1.81.tar.gz", hash = "sha256:2cf38112b6d8415ad39d6a611988cd11fb5f33eb09346666a87263beba9614e0", size = 19324875, upload-time = "2023-02-13T04:10:21.291Z" }
wheels = [
    { url = "https://files.pythonhosted.org/packages/65/51/05d02d400ee0b45fc7f01ab71d9db0e06cfa8af891fd88557d3e489fd97e/biopython-1.81-cp310-cp310-manylinux_2_17_x86_64.manylinux2014_x86_64.whl", hash = "sha256:6ebfbce0d91796c7aef422ee9dffe8827e07e5abaa94545e006f1f20e965c80b", size = 3083081, upload-time = "2023-02-13T04:14:01.145Z" },
]

[[package]]
name = "certifi"
version = "2026.7.22"
source = { registry = "https://pypi.org/simple" }
sdist = { url = "https://files.pythonhosted.org/packages/a3/c2/24167ea9858356b47a87a50d39908bfdb72ceeefe0041586e704e5376b3a/certifi-2026.7.22.tar.gz", hash = "sha256:741e2c3b351ddf169a738da9f2c048608ff7f2c5cc02f1ebc6b118bb090d5d55", size = 138112, upload-time = "2026-07-22T03:35:12.644Z" }
wheels = [
    { url = "https://files.pythonhosted.org/packages/0b/a7/71ac2cff56fec219ed242bb11b8efb69fcc4bec75db06fb7bfe35de520e6/certifi-2026.7.22-py3-none-any.whl", hash = "sha256:62f22742b58a1a33014a2b6b706588a8d7e2a88ae7bd1a6ebe8c992928483775", size = 136983, upload-time = "2026-07-22T03:35:11.276Z" },
]

[[package]]
name = "cffi"
version = "2.1.1"
source = { registry = "https://pypi.org/simple" }
dependencies = [
    { name = "pycparser", marker = "implementation_name != 'PyPy'" },
]
sdist = { url = "https://files.pythonhosted.org/packages/9e/ef/008a1939e372c06329a3fce4279c02f328488f3526744906eeec3da7ad5f/cffi-2.1.1.tar.gz", hash = "sha256:dd31f52ea1086513bb9df30f8fcee9b8918323ae067a3d5b78bc826a000712be", size = 530807, upload-time = "2026-08-03T21:21:18.939Z" }
wheels = [
    { url = "https://files.pythonhosted.org/packages/75/77/60bebf6f818bec84210ac5b6979ce4eeadce6fbbaabc9c7ab23e506d1ce5/cffi-2.1.1-cp310-cp310-manylinux2014_x86_64.manylinux_2_17_x86_64.whl", hash = "sha256:194cffa889098ced9976c3fc6340305e43f6303657d298da55366907c05c22d6", size = 218742, upload-time = "2026-08-03T21:19:22.523Z" },
    { url = "https://files.pythonhosted.org/packages/6f/13/4e56852824a03cdf68523a35686f1c28eacd4bd30a7b0a78e682e6e6e1d3/cffi-2.1.1-cp310-cp310-musllinux_1_2_x86_64.whl", hash = "sha256:1dea0e4d7d4f11f619fe8c1d76caf49e24405b4b5743c0e3be16a500ecd930c9", size = 220241, upload-time = "2026-08-03T21:19:26.214Z" },
]

[[package]]
name = "charset-normalizer"
version = "3.5.1"
source = { registry = "https://pypi.org/simple" }
sdist = { url = "https://files.pythonhosted.org/packages/e5/3f/143b048436775b0f76ac3eec145c019e8173ccc2885c8f20319b996d5e83/charset_normalizer-3.5.1.tar.gz", hash = "sha256:6117b84ea48435e5356dc737f5121485c30920ba43375fa7b434fd753df0eac3", size = 171764, upload-time = "2026-08-15T08:20:44.807Z" }
wheels = [
    { url = "https://files.pythonhosted.org/packages/32/cd/4f564b8f132de25db594efc706897069f016790cea63a5669c9df2675f64/charset_normalizer-3.5.1-cp310-cp310-manylinux2014_x86_64.manylinux_2_17_x86_64.manylinux_2_28_x86_64.whl", hash = "sha256:96eefc178f8636b9c760c5829345307fd81cfae9ab1e80997dbddeb0f54ee9a3", size = 261644, upload-time = "2026-08-15T08:16:30.722Z" },
    { url = "https://files.pythonhosted.org/packages/58/ad/b9aecf38d805cbcf84fa94f14c5d972a16561e20296a11dc799a5dcf3763/charset_normalizer-3.5.1-cp310-cp310-musllinux_1_2_x86_64.whl", hash = "sha256:494b70049a4d69aec6e8137c13af4cf8db8c9f9820a1392ac293b0dd2987a818", size = 263799, upload-time = "2026-08-15T08:16:40.885Z" },
    { url = "https://files.pythonhosted.org/packages/9f/2f/fe3f187327aac18e2d54e9d2b08e15d27bf9b642d9e51c219f130fc34d1a/charset_normalizer-3.5.1-cp37-abi3-manylinux1_x86_64.manylinux_2_28_x86_64.manylinux_2_5_x86_64.whl", hash = "sha256:a6dac12ff6b846103483683f60c5f8fee205121adc58ffd87e90a90a3af69e99", size = 253057, upload-time = "2026-08-15T08:19:52.654Z" },
    { url = "https://files.pythonhosted.org/packages/80/c2/a7379b840292d0c1ab9fbd17d1f3967aa81794dc95bc74be8999d7fedcf7/charset_normalizer-3.5.1-cp37-abi3-musllinux_1_2_x86_64.whl", hash = "sha256:e199fb99720074809a7720f1c0b4d919eea8b87e88713e0f8f602f7bef543d9d", size = 254846, upload-time = "2026-08-15T08:20:10.727Z" },
    { url = "https://files.pythonhosted.org/packages/cc/61/d01fc49b8dea277640b55a9e15960dbca9fdc8c9fde18e572d39c59f4019/charset_normalizer-3.5.1-py3-none-any.whl", hash = "sha256:6df0ec430f9a831772c23ca5a224cba36517a58a84bb32c32bb59a9fa67c47f6", size = 68658, upload-time = "2026-08-15T08:20:43.306Z" },
]

[[package]]
name = "cryptography"
version = "50.0.1"
source = { registry = "https://pypi.org/simple" }
dependencies = [
    { name = "cffi", marker = "platform_python_implementation != 'PyPy'" },
    { name = "typing-extensions" },
]
sdist = { url = "https://files.pythonhosted.org/packages/bb/ad/5d6702db60b1e40b41ef513b6967ff5848f307d50f8449baf1634f5908f1/cryptography-50.0.1.tar.gz", hash = "sha256:5dd9bda1c12b4162f6ff568eeb5e0ff956c28d14406e875cfe8a63a2d414ff20", size = 880381, upload-time = "2026-08-25T19:45:45.499Z" }
wheels = [
    { url = "https://files.pythonhosted.org/packages/57/26/e6d4fc8512a51a5f9ee7bfdbfb853bce1197087df40c9ad993ad370b846f/cryptography-50.0.1-cp311-abi3-manylinux2014_x86_64.manylinux_2_17_x86_64.whl", hash = "sha256:ff838d62ec1bfce4f9ba7fa16f4a7b554cd8d0c299e6be37502161a660c84eef", size = 4712478, upload-time = "2026-08-25T19:44:07.375Z" },
    { url = "https://files.pythonhosted.org/packages/e1/1b/82f0f0d8858d4432be1af790477edf62aef90324041aa07c57e57bef1af7/cryptography-50.0.1-cp311-abi3-manylinux_2_28_x86_64.whl", hash = "sha256:51593d180cf6d179bde5c5d065bed81386b1f381656ae7d042b7ffc87a9895ad", size = 4746720, upload-time = "2026-08-25T19:44:14.051Z" },
    { url = "https://files.pythonhosted.org/packages/85/66/6ccca4722987ddedaa7fc9c3f4708af7431f5535666c174350830888c6b7/cryptography-50.0.1-cp311-abi3-manylinux_2_34_x86_64.whl", hash = "sha256:51afcfceb15597cf2635068e4ac9a56b2abde622edde17f37d85fd7b5306497a", size = 4746230, upload-time = "2026-08-25T19:44:22.376Z" },
    { url = "https://files.pythonhosted.org/packages/7e/22/c3654cccc856e9d682817b04ac3ee79731cb09ca6f95996a95c904de2883/cryptography-50.0.1-cp311-abi3-musllinux_1_2_x86_64.whl", hash = "sha256:9ebcdd5519be9b652a46f507817a74591774fc3d6923ac364e4dfa64e36b291b", size = 5014082, upload-time = "2026-08-25T19:44:26.709Z" },
    { url = "https://files.pythonhosted.org/packages/7e/3c/0e77bd5ffcf078e9dd27d3074aad6c030d9b10d0bf69329d573c927a188c/cryptography-50.0.1-cp39-abi3-manylinux2014_x86_64.manylinux_2_17_x86_64.whl", hash = "sha256:e22dfed744bd4002e909464cb23d2f0b05c6f3113a79ef2e9864a53db737c733", size = 4738357, upload-time = "2026-08-25T19:45:02.786Z" },
    { url = "https://files.pythonhosted.org/packages/d6/51/3f9701867a46b6c1740c9b52fc4d3bed6cbdcfedcc9b6e64305c07f39cff/cryptography-50.0.1-cp39-abi3-manylinux_2_28_x86_64.whl", hash = "sha256:407fe2b6db00939c05c0e945e9914238f2f0a430974839429dafc82b1ee6bee5", size = 4772942, upload-time = "2026-08-25T19:45:09.396Z" },
    { url = "https://files.pythonhosted.org/packages/8c/eb/5d7124083e8d8cda8f5b348f544b71ad6f707ad63193758ef4d8e569da02/cryptography-50.0.1-cp39-abi3-manylinux_2_34_x86_64.whl", hash = "sha256:9dde0a357190eb3b1da1bb9ab750e9c85cba82ca5977aa0836cbb94e92611239", size = 4772694, upload-time = "2026-08-25T19:45:18.315Z" },
    { url = "https://files.pythonhosted.org/packages/1f/ab/89e2b798d2c3925f82e2bb72d5979f3d2f6da2dd22ef4a8cd8b70d920039/cryptography-50.0.1-cp39-abi3-musllinux_1_2_x86_64.whl", hash = "sha256:2a93d05e34d5f67fba6f891fe85d929999baa7195e853923ea6d7576c9e68c5e", size = 5044355, upload-time = "2026-08-25T19:45:22.353Z" },
]

[[package]]
name = "flatbuffers"
version = "25.12.19"
source = { registry = "https://pypi.org/simple" }
wheels = [
    { url = "https://files.pythonhosted.org/packages/e8/2d/d2a548598be01649e2d46231d151a6c56d10b964d94043a335ae56ea2d92/flatbuffers-25.12.19-py2.py3-none-any.whl", hash = "sha256:7634f50c427838bb021c2d66a3d1168e9d199b0607e6329399f04846d42e20b4", size = 26661, upload-time = "2025-12-19T23:16:13.622Z" },
]

[[package]]
name = "gast"
version = "0.4.0"
source = { registry = "https://pypi.org/simple" }
sdist = { url = "https://files.pythonhosted.org/packages/83/4a/07c7e59cef23fb147454663c3271c21da68ba2ab141427c20548ae5a8a4d/gast-0.4.0.tar.gz", hash = "sha256:40feb7b8b8434785585ab224d1568b857edb18297e5a3047f1ba012bc83b42c1", size = 13804, upload-time = "2020-08-07T21:45:23.526Z" }
wheels = [
    { url = "https://files.pythonhosted.org/packages/b6/48/583c032b79ae5b3daa02225a675aeb673e58d2cb698e78510feceb11958c/gast-0.4.0-py3-none-any.whl", hash = "sha256:b7adcdd5adbebf1adf17378da5ba3f543684dbec47b1cda1f3997e573cd542c4", size = 9824, upload-time = "2020-08-07T21:45:21.32Z" },
]

[[package]]
name = "google-auth"
version = "2.58.1"
source = { registry = "https://pypi.org/simple" }
dependencies = [
    { name = "cryptography" },
    { name = "pyasn1-modules" },
]
sdist = { url = "https://files.pythonhosted.org/packages/52/aa/8055c583f8eb69dd4544f0d6a83e22d2f01ab38bd2ce848ea599c259a2d2/google_auth-2.58.1.tar.gz", hash = "sha256:1480461d8b2347e679af758f4003700ea79a59b603c9134e18bfa95e8004ee70", size = 380459, upload-time = "2026-09-24T21:52:00.171Z" }
wheels = [
    { url = "https://files.pythonhosted.org/packages/7a/f0/cba0ac98e98e01849b19f7504eb3aeede741e72dfc31612e46d5f0dd981c/google_auth-2.58.1-py3-none-any.whl", hash = "sha256:66a63572d0ab629554768544df04018d79178c0bd7439ba31683ac576b79024d", size = 262483, upload-time = "2026-09-24T21:51:58.297Z" },
]

[[package]]
name = "google-auth-oauthlib"
version = "0.4.6"
source = { registry = "https://pypi.org/simple" }
dependencies = [
    { name = "google-auth" },
    { name = "requests-oauthlib" },
]
sdist = { url = "https://files.pythonhosted.org/packages/30/21/b84fa7ef834d4b126faad13da6e582c8f888e196326b9d6aab1ae303df4f/google-auth-oauthlib-0.4.6.tar.gz", hash = "sha256:a90a072f6993f2c327067bf65270046384cda5a8ecb20b94ea9a687f1f233a7a", size = 19516, upload-time = "2021-09-01T09:54:17.701Z" }
wheels = [
    { url = "https://files.pythonhosted.org/packages/b1/0e/0636cc1448a7abc444fb1b3a63655e294e0d2d49092dc3de05241be6d43c/google_auth_oauthlib-0.4.6-py2.py3-none-any.whl", hash = "sha256:3f2a6e802eebbb6fb736a370fbf3b055edcb6b52878bf2f26330b5e041316c73", size = 18306, upload-time = "2021-09-01T09:54:15.745Z" },
]

[[package]]
name = "google-pasta"
version = "0.2.0"
source = { registry = "https://pypi.org/simple" }
dependencies = [
    { name = "six" },
]
sdist = { url = "https://files.pythonhosted.org/packages/35/4a/0bd53b36ff0323d10d5f24ebd67af2de10a1117f5cf4d7add90df92756f1/google-pasta-0.2.0.tar.gz", hash = "sha256:c9f2c8dfc8f96d0d5808299920721be30c9eec37f2389f28904f454565c8a16e", size = 40430, upload-time = "2020-03-13T18:57:50.34Z" }
wheels = [
    { url = "https://files.pythonhosted.org/packages/a3/de/c648ef6835192e6e2cc03f40b19eeda4382c49b5bafb43d88b931c4c74ac/google_pasta-0.2.0-py3-none-any.whl", hash = "sha256:b32482794a366b5366a32c92a9a9201b107821889935a02b3e51f6b432ea84ed", size = 57471, upload-time = "2020-03-13T18:57:48.872Z" },
]

[[package]]
name = "grpcio"
version = "1.84.0"
source = { registry = "https://pypi.org/simple" }
dependencies = [
    { name = "typing-extensions" },
]
sdist = { url = "https://files.pythonhosted.org/packages/3f/4f/4435c0aae54657258d9cfcba78598f3d9e5fe4c82ff18d78558567b90faf/grpcio-1.84.0.tar.gz", hash = "sha256:19aaf172fc2edbefccce3f6e92c5150975dbe56c45744e9e87cf72ebdf85bfbe", size = 13493876, upload-time = "2026-09-14T06:59:33.291Z" }
wheels = [
    { url = "https://files.pythonhosted.org/packages/a6/7c/da97476f3c2e90e9f00bfb19def7cbb5f841b7661e3cd09c6a89beaa5b98/grpcio-1.84.0-cp310-cp310-manylinux2014_x86_64.manylinux_2_17_x86_64.whl", hash = "sha256:393d8a78bff6731ecc5ad2151a821f8fbc1709b137ebb9c25a4ef399fbdcc914", size = 7186279, upload-time = "2026-09-14T06:56:58.817Z" },
    { url = "https://files.pythonhosted.org/packages/95/4d/ce57fa986e93c06ef867f64e1ebe419e924fdc2395115607f0725f4855e4/grpcio-1.84.0-cp310-cp310-musllinux_1_2_x86_64.whl", hash = "sha256:3d6a82c4fc6c85f2fb7572c86bdb86f84c97b6580e5f6599f711800bac48a5d8", size = 8138068, upload-time = "2026-09-14T06:57:07.348Z" },
]

[[package]]
name = "h5py"
version = "3.16.0"
source = { registry = "https://pypi.org/simple" }
dependencies = [
    { name = "numpy" },
]
sdist = { url = "https://files.pythonhosted.org/packages/db/33/acd0ce6863b6c0d7735007df01815403f5589a21ff8c2e1ee2587a38f548/h5py-3.16.0.tar.gz", hash = "sha256:a0dbaad796840ccaa67a4c144a0d0c8080073c34c76d5a6941d6818678ef2738", size = 446526, upload-time = "2026-03-06T13:49:08.07Z" }
wheels = [
    { url = "https://files.pythonhosted.org/packages/cb/92/a8851d936547efe30cc0ce5245feac01f3ec6171f7899bc3f775c72030b3/h5py-3.16.0-cp310-cp310-manylinux_2_28_x86_64.whl", hash = "sha256:8975273c2c5921c25700193b408e28d6bdd0111c37468b2d4e25dcec4cd1d84d", size = 5065352, upload-time = "2026-03-06T13:47:41.489Z" },
    { url = "https://files.pythonhosted.org/packages/64/0b/e0c8c69da1d8838da023a50cd3080eae5d475691f7636b35eff20bb6ef20/h5py-3.16.0-cp310-cp310-musllinux_1_2_x86_64.whl", hash = "sha256:7c4dd4cf5f0a4e36083f73172f6cfc25a5710789269547f132a20975bfe2434c", size = 5076216, upload-time = "2026-03-06T13:47:45.315Z" },
]

[[package]]
name = "idna"
version = "3.20"
source = { registry = "https://pypi.org/simple" }
sdist = { url = "https://files.pythonhosted.org/packages/f5/08/8eea9d4b8302028f3abb2c0813953f7aec26d33b7a8960ed760e65ff29fa/idna-3.20.tar.gz", hash = "sha256:a7db850025b95ded1eae8a46181a1a6c56c92c96f0e2b005d9ff8dc0210cab44", size = 216463, upload-time = "2026-09-17T14:11:04.752Z" }
wheels = [
    { url = "https://files.pythonhosted.org/packages/58/a2/bb081bab032533a855d44de1d56f8e8426114ff1ba5d1f07a438a0a654f8/idna-3.20-py3-none-any.whl", hash = "sha256:ab7ae7122974553370f0bdb919e1a960b2cd1bc1ef0276416d896db81c14582c", size = 69583, upload-time = "2026-09-17T14:11:03.168Z" },
]

[[package]]
name = "keras"
version = "2.11.0"
source = { registry = "https://pypi.org/simple" }
wheels = [
    { url = "https://files.pythonhosted.org/packages/de/44/bf1b0eef5b13e6201aef076ff34b91bc40aace8591cd273c1c2a94a9cc00/keras-2.11.0-py2.py3-none-any.whl", hash = "sha256:38c6fff0ea9a8b06a2717736565c92a73c8cd9b1c239e7125ccb188b7848f65e", size = 1685489, upload-time = "2022-11-14T17:18:20.302Z" },
]

[[package]]
name = "libclang"
version = "18.1.1"
source = { registry = "https://pypi.org/simple" }
sdist = { url = "https://files.pythonhosted.org/packages/6e/5c/ca35e19a4f142adffa27e3d652196b7362fa612243e2b916845d801454fc/libclang-18.1.1.tar.gz", hash = "sha256:a1214966d08d73d971287fc3ead8dfaf82eb07fb197680d8b3859dbbbbf78250", size = 39612, upload-time = "2024-03-17T16:04:37.434Z" }
wheels = [
    { url = "https://files.pythonhosted.org/packages/1d/fc/716c1e62e512ef1c160e7984a73a5fc7df45166f2ff3f254e71c58076f7c/libclang-18.1.1-py2.py3-none-manylinux2010_x86_64.whl", hash = "sha256:c533091d8a3bbf7460a00cb6c1a71da93bffe148f172c7d03b1c31fbf8aa2a0b", size = 24515943, upload-time = "2024-03-17T16:03:45.942Z" },
    { url = "https://files.pythonhosted.org/packages/2d/c2/de1db8c6d413597076a4259cea409b83459b2db997c003578affdd32bf66/libclang-18.1.1-py2.py3-none-musllinux_1_2_x86_64.whl", hash = "sha256:69f8eb8f65c279e765ffd28aaa7e9e364c776c17618af8bff22a8df58677ff4f", size = 24921494, upload-time = "2024-03-17T16:14:20.132Z" },
]

[[package]]
name = "markdown"
version = "3.10.3"
source = { registry = "https://pypi.org/simple" }
sdist = { url = "https://files.pythonhosted.org/packages/29/6f/da4c6aea59b3001f2e8c0ec7497475aadaf3b021c10cab5b2858f0f32b26/markdown-3.10.3.tar.gz", hash = "sha256:3589362618f743188b4d955b874402bc814f4f83f544dc207719f4baa7d9c45f", size = 372596, upload-time = "2026-07-30T19:05:29.005Z" }
wheels = [
    { url = "https://files.pythonhosted.org/packages/64/69/4a5af2bc115a9a33fefe51709749de8262be3f9ba063d1753a837cdbc49c/markdown-3.10.3-py3-none-any.whl", hash = "sha256:fa6c92a00a4a3c98b22728c64a935ae1928250ae65058a6ded814d2cc29a4cea", size = 110757, upload-time = "2026-07-30T19:05:27.883Z" },
]

[[package]]
name = "markupsafe"
version = "3.0.3"
source = { registry = "https://pypi.org/simple" }
sdist = { url = "https://files.pythonhosted.org/packages/7e/99/7690b6d4034fffd95959cbe0c02de8deb3098cc577c67bb6a24fe5d7caa7/markupsafe-3.0.3.tar.gz", hash = "sha256:722695808f4b6457b320fdc131280796bdceb04ab50fe1795cd540799ebe1698", size = 80313, upload-time = "2025-09-27T18:37:40.426Z" }
wheels = [
    { url = "https://files.pythonhosted.org/packages/af/cd/ce6e848bbf2c32314c9b237839119c5a564a59725b53157c856e90937b7a/markupsafe-3.0.3-cp310-cp310-manylinux2014_x86_64.manylinux_2_17_x86_64.manylinux_2_28_x86_64.whl", hash = "sha256:f42d0984e947b8adf7dd6dde396e720934d12c506ce84eea8476409563607591", size = 20681, upload-time = "2025-09-27T18:36:08.881Z" },
    { url = "https://files.pythonhosted.org/packages/56/21/dca11354e756ebd03e036bd8ad58d6d7168c80ce1fe5e75218e4945cbab7/markupsafe-3.0.3-cp310-cp310-musllinux_1_2_x86_64.whl", hash = "sha256:177b5253b2834fe3678cb4a5f0059808258584c559193998be2601324fdeafb1", size = 20745, upload-time = "2025-09-27T18:36:13.504Z" },
]

[[package]]
name = "numpy"
version = "1.23.5"
source = { registry = "https://pypi.org/simple" }
sdist = { url = "https://files.pythonhosted.org/packages/42/38/775b43da55fa7473015eddc9a819571517d9a271a9f8134f68fb9be2f212/numpy-1.23.5.tar.gz", hash = "sha256:1b1766d6f397c18153d40015ddfc79ddb715cabadc04d2d228d4e5a8bc4ded1a", size = 10731755, upload-time = "2022-11-20T01:31:41.068Z" }
wheels = [
    { url = "https://files.pythonhosted.org/packages/e4/f3/679b3a042a127de0d7c84874913c3e23bb84646eb3bc6ecab3f8c872edc9/numpy-1.23.5-cp310-cp310-manylinux_2_17_x86_64.manylinux2014_x86_64.whl", hash = "sha256:5e05b1c973a9f858c74367553e236f287e749465f773328c8ef31abe18f691e1", size = 17059657, upload-time = "2022-11-20T01:22:30.262Z" },
]

[[package]]
name = "oauthlib"
version = "3.3.1"
source = { registry = "https://pypi.org/simple" }
sdist = { url = "https://files.pythonhosted.org/packages/0b/5f/19930f824ffeb0ad4372da4812c50edbd1434f678c90c2733e1188edfc63/oauthlib-3.3.1.tar.gz", hash = "sha256:0f0f8aa759826a193cf66c12ea1af1637f87b9b4622d46e866952bb022e538c9", size = 185918, upload-time = "2025-06-19T22:48:08.269Z" }
wheels = [
    { url = "https://files.pythonhosted.org/packages/be/9c/92789c596b8df838baa98fa71844d84283302f7604ed565dafe5a6b5041a/oauthlib-3.3.1-py3-none-any.whl", hash = "sha256:88119c938d2b8fb88561af5f6ee0eec8cc8d552b7bb1f712743136eb7523b7a1", size = 160065, upload-time = "2025-06-19T22:48:06.508Z" },
]

[[package]]
name = "opt-einsum"
version = "3.4.0"
source = { registry = "https://pypi.org/simple" }
sdist = { url = "https://files.pythonhosted.org/packages/8c/b9/2ac072041e899a52f20cf9510850ff58295003aa75525e58343591b0cbfb/opt_einsum-3.4.0.tar.gz", hash = "sha256:96ca72f1b886d148241348783498194c577fa30a8faac108586b14f1ba4473ac", size = 63004, upload-time = "2024-09-26T14:33:24.483Z" }
wheels = [
    { url = "https://files.pythonhosted.org/packages/23/cd/066e86230ae37ed0be70aae89aabf03ca8d9f39c8aea0dec8029455b5540/opt_einsum-3.4.0-py3-none-any.whl", hash = "sha256:69bb92469f86a1565195ece4ac0323943e83477171b91d24c35afe028a90d7cd", size = 71932, upload-time = "2024-09-26T14:33:23.039Z" },
]

[[package]]
name = "packaging"
version = "26.3"
source = { registry = "https://pypi.org/simple" }
sdist = { url = "https://files.pythonhosted.org/packages/7d/fa/3944b40b07da9ce895c0e6303a5ab7d53da063554f534556b134a54d6093/packaging-26.3.tar.gz", hash = "sha256:94edc256424af38762eb31306eed28beb9f0efc50a8837492c9d6fd6004aed79", size = 313412, upload-time = "2026-08-04T18:15:28.737Z" }
wheels = [
    { url = "https://files.pythonhosted.org/packages/63/34/ba1c580383c9eada3711951fef0795c80b829a078d72188184bcab9dd527/packaging-26.3-py3-none-any.whl", hash = "sha256:d7193f7c8e4e93f444fde0262bf90af30e16fa0ad0ad44cb553c87339b23cd1c", size = 129956, upload-time = "2026-08-04T18:15:27.159Z" },
]

[[package]]
name = "pandas"
version = "1.5.3"
source = { registry = "https://pypi.org/simple" }
dependencies = [
    { name = "numpy" },
    { name = "python-dateutil" },
    { name = "pytz" },
]
sdist = { url = "https://files.pythonhosted.org/packages/74/ee/146cab1ff6d575b54ace8a6a5994048380dc94879b0125b25e62edcb9e52/pandas-1.5.3.tar.gz", hash = "sha256:74a3fd7e5a7ec052f183273dc7b0acd3a863edf7520f5d3a1765c04ffdb3b0b1", size = 5203060, upload-time = "2023-01-19T08:31:39.615Z" }
wheels = [
    { url = "https://files.pythonhosted.org/packages/49/e2/79e46612dc25ebc7603dc11c560baa7266c90f9e48537ecf1a02a0dd6bff/pandas-1.5.3-cp310-cp310-manylinux_2_17_x86_64.manylinux2014_x86_64.whl", hash = "sha256:7a0a56cef15fd1586726dace5616db75ebcfec9179a3a55e78f72c5639fa2a23", size = 12062104, upload-time = "2023-01-19T08:29:30.695Z" },
]

[[package]]
name = "protobuf"
version = "3.19.6"
source = { registry = "https://pypi.org/simple" }
sdist = { url = "https://files.pythonhosted.org/packages/51/d1/79bfd1f481469b661a2eddab551255536401892722189433282bfb13cfb1/protobuf-3.19.6.tar.gz", hash = "sha256:5f5540d57a43042389e87661c6eaa50f47c19c6176e8cf1c4f287aeefeccb5c4", size = 218071, upload-time = "2022-09-29T22:07:23.03Z" }
wheels = [
    { url = "https://files.pythonhosted.org/packages/26/ef/bd6ba3b4ff9a35944bdd325e2c9ee56f71e855757f7d43938232499f0278/protobuf-3.19.6-cp310-cp310-manylinux_2_17_x86_64.manylinux2014_x86_64.whl", hash = "sha256:11478547958c2dfea921920617eb457bc26867b0d1aa065ab05f35080c5d9eb6", size = 1055327, upload-time = "2022-09-29T21:17:41.054Z" },
    { url = "https://files.pythonhosted.org/packages/32/27/1141a8232723dcb10a595cc0ce4321dcbbd5215300bf4acfc142343205bf/protobuf-3.19.6-py2.py3-none-any.whl", hash = "sha256:14082457dc02be946f60b15aad35e9f5c69e738f80ebbc0900a19bc83734a5a4", size = 162648, upload-time = "2022-09-29T22:07:20.303Z" },
]

[[package]]
name = "pyasn1"
version = "0.6.4"
source = { registry = "https://pypi.org/simple" }
sdist = { url = "https://files.pythonhosted.org/packages/a4/9a/23310166d960def5897e91fe20e5b724601b02a22e84ba1f94232c0b7f67/pyasn1-0.6.4.tar.gz", hash = "sha256:9c447d8431c947fe4c8febc4ed9e760bc29011a5b01e5c74b67025bd9fb8ce81", size = 151262, upload-time = "2026-07-09T01:12:33.988Z" }
wheels = [
    { url = "https://files.pythonhosted.org/packages/9a/3b/6163796d69c3977d1e4287bea4a6979161cbbdd170ebb430511e8e1999ce/pyasn1-0.6.4-py3-none-any.whl", hash = "sha256:deda9277cfd454080ec40b207fb6df82206a3a2688735233cdcd8d3d565f088b", size = 84410, upload-time = "2026-07-09T01:12:32.92Z" },
]

[[package]]
name = "pyasn1-modules"
version = "0.4.2"
source = { registry = "https://pypi.org/simple" }
dependencies = [
    { name = "pyasn1" },
]
sdist = { url = "https://files.pythonhosted.org/packages/e9/e6/78ebbb10a8c8e4b61a59249394a4a594c1a7af95593dc933a349c8d00964/pyasn1_modules-0.4.2.tar.gz", hash = "sha256:677091de870a80aae844b1ca6134f54652fa2c8c5a52aa396440ac3106e941e6", size = 307892, upload-time = "2025-03-28T02:41:22.17Z" }
wheels = [
    { url = "https://files.pythonhosted.org/packages/47/8d/d529b5d697919ba8c11ad626e835d4039be708a35b0d22de83a269a6682c/pyasn1_modules-0.4.2-py3-none-any.whl", hash = "sha256:29253a9207ce32b64c3ac6600edc75368f98473906e8fd1043bd6b5b1de2c14a", size = 181259, upload-time = "2025-03-28T02:41:19.028Z" },
]

[[package]]
name = "pycparser"
version = "3.0"
source = { registry = "https://pypi.org/simple" }
sdist = { url = "https://files.pythonhosted.org/packages/1b/7d/92392ff7815c21062bea51aa7b87d45576f649f16458d78b7cf94b9ab2e6/pycparser-3.0.tar.gz", hash = "sha256:600f49d217304a5902ac3c37e1281c9fe94e4d0489de643a9504c5cdfdfc6b29", size = 103492, upload-time = "2026-01-21T14:26:51.89Z" }
wheels = [
    { url = "https://files.pythonhosted.org/packages/0c/c3/44f3fbbfa403ea2a7c779186dc20772604442dde72947e7d01069cbe98e3/pycparser-3.0-py3-none-any.whl", hash = "sha256:b727414169a36b7d524c1c3e31839a521725078d7b2ff038656844266160a992", size = 48172, upload-time = "2026-01-21T14:26:50.693Z" },
]

[[package]]
name = "python-dateutil"
version = "2.9.0.post0"
source = { registry = "https://pypi.org/simple" }
dependencies = [
    { name = "six" },
]
sdist = { url = "https://files.pythonhosted.org/packages/66/c0/0c8b6ad9f17a802ee498c46e004a0eb49bc148f2fd230864601a86dcf6db/python-dateutil-2.9.0.post0.tar.gz", hash = "sha256:37dd54208da7e1cd875388217d5e00ebd4179249f90fb72437e91a35459a0ad3", size = 342432, upload-time = "2024-03-01T18:36:20.211Z" }
wheels = [
    { url = "https://files.pythonhosted.org/packages/ec/57/56b9bcc3c9c6a792fcbaf139543cee77261f3651ca9da0c93f5c1221264b/python_dateutil-2.9.0.post0-py2.py3-none-any.whl", hash = "sha256:a8b2bc7bffae282281c8140a97d3aa9c14da0b136dfe83f850eea9a5f7470427", size = 229892, upload-time = "2024-03-01T18:36:18.57Z" },
]

[[package]]
name = "pytz"
version = "2026.4"
source = { registry = "https://pypi.org/simple" }
sdist = { url = "https://files.pythonhosted.org/packages/b0/ed/fa23d28713004418bbf2407127f80f385bfb0bf4e677bef02c25c27b00ee/pytz-2026.4.tar.gz", hash = "sha256:464303645bafafd72418898368b2429458f709cf1eb6a15372fbcc396b64da63", size = 318444, upload-time = "2026-09-24T03:58:40.443Z" }
wheels = [
    { url = "https://files.pythonhosted.org/packages/d5/11/e3df59614bebe0ca50c905442603eda64ae7ac19811d4e4f74aa2d51ca85/pytz-2026.4-py2.py3-none-any.whl", hash = "sha256:9d514388fbc89ca0833203464272ac485b8828568ab73532f5020f17e892a0ff", size = 506747, upload-time = "2026-09-24T03:58:38.629Z" },
]

[[package]]
name = "requests"
version = "2.34.2"
source = { registry = "https://pypi.org/simple" }
dependencies = [
    { name = "certifi" },
    { name = "charset-normalizer" },
    { name = "idna" },
    { name = "urllib3" },
]
sdist = { url = "https://files.pythonhosted.org/packages/ac/c3/e2a2b89f2d3e2179abd6d00ebd70bff6273f37fb3e0cc209f48b39d00cbf/requests-2.34.2.tar.gz", hash = "sha256:f288924cae4e29463698d6d60bc6a4da69c89185ad1e0bcc4104f584e960b9ed", size = 142856, upload-time = "2026-05-14T19:25:27.735Z" }
wheels = [
    { url = "https://files.pythonhosted.org/packages/a0/f4/c67b0b3f1b9245e8d266f0f112c500d50e5b4e83cb6f3b71b6528104182a/requests-2.34.2-py3-none-any.whl", hash = "sha256:2a0d60c172f83ac6ab31e4554906c0f3b3588d37b5cb939b1c061f4907e278e0", size = 73075, upload-time = "2026-05-14T19:25:26.443Z" },
]

[[package]]
name = "requests-oauthlib"
version = "2.0.0"
source = { registry = "https://pypi.org/simple" }
dependencies = [
    { name = "oauthlib" },
    { name = "requests" },
]
sdist = { url = "https://files.pythonhosted.org/packages/42/f2/05f29bc3913aea15eb670be136045bf5c5bbf4b99ecb839da9b422bb2c85/requests-oauthlib-2.0.0.tar.gz", hash = "sha256:b3dffaebd884d8cd778494369603a9e7b58d29111bf6b41bdc2dcd87203af4e9", size = 55650, upload-time = "2024-03-22T20:32:29.939Z" }
wheels = [
    { url = "https://files.pythonhosted.org/packages/3b/5d/63d4ae3b9daea098d5d6f5da83984853c1bbacd5dc826764b249fe119d24/requests_oauthlib-2.0.0-py2.py3-none-any.whl", hash = "sha256:7dd8a5c40426b779b0868c404bdef9768deccf22749cde15852df527e6269b36", size = 24179, upload-time = "2024-03-22T20:32:28.055Z" },
]

[[package]]
name = "setuptools"
version = "84.0.0"
source = { registry = "https://pypi.org/simple" }
sdist = { url = "https://files.pythonhosted.org/packages/6d/44/f5da03a8ef95d369145c5bb53050e7877c9f3d312e128605fd9504829143/setuptools-84.0.0.tar.gz", hash = "sha256:f4695c21257f0d9b537ec2692c941d02ee143b7cc1276941349a546573b2ef73", size = 1168449, upload-time = "2026-08-08T18:27:58.365Z" }
wheels = [
    { url = "https://files.pythonhosted.org/packages/95/9c/c510029fc6ef33a6275cd2c5d3cecd6613dfd6aa401d57c54f1c18852ccf/setuptools-84.0.0-py3-none-any.whl", hash = "sha256:51a52592b3b99e102b609654876bd65f19f999935166d1352678931132b0c670", size = 818216, upload-time = "2026-08-08T18:27:56.719Z" },
]

[[package]]
name = "six"
version = "1.17.0"
source = { registry = "https://pypi.org/simple" }
sdist = { url = "https://files.pythonhosted.org/packages/94/e7/b2c673351809dca68a0e064b6af791aa332cf192da575fd474ed7d6f16a2/six-1.17.0.tar.gz", hash = "sha256:ff70335d468e7eb6ec65b95b99d3a2836546063f63acc5171de367e834932a81", size = 34031, upload-time = "2024-12-04T17:35:28.174Z" }
wheels = [
    { url = "https://files.pythonhosted.org/packages/b7/ce/149a00dd41f10bc29e5921b496af8b574d8413afcd5e30dfa0ed46c2cc5e/six-1.17.0-py2.py3-none-any.whl", hash = "sha256:4721f391ed90541fddacab5acf947aa0d3dc7d27b2e1e8eda2be8970586c3274", size = 11050, upload-time = "2024-12-04T17:35:26.475Z" },
]

[[package]]
name = "tensorboard"
version = "2.11.2"
source = { registry = "https://pypi.org/simple" }
dependencies = [
    { name = "absl-py" },
    { name = "google-auth" },
    { name = "google-auth-oauthlib" },
    { name = "grpcio" },
    { name = "markdown" },
    { name = "numpy" },
    { name = "protobuf" },
    { name = "requests" },
    { name = "setuptools" },
    { name = "tensorboard-data-server" },
    { name = "tensorboard-plugin-wit" },
    { name = "werkzeug" },
    { name = "wheel" },
]
wheels = [
    { url = "https://files.pythonhosted.org/packages/6f/77/e624b4916531721e674aa105151ffa5223fb224d3ca4bd5c10574664f944/tensorboard-2.11.2-py3-none-any.whl", hash = "sha256:cbaa2210c375f3af1509f8571360a19ccc3ded1d9641533414874b5deca47e89", size = 5992449, upload-time = "2023-01-13T22:22:16.757Z" },
]

[[package]]
name = "tensorboard-data-server"
version = "0.6.1"
source = { registry = "https://pypi.org/simple" }
wheels = [
    { url = "https://files.pythonhosted.org/packages/74/69/5747a957f95e2e1d252ca41476ae40ce79d70d38151d2e494feb7722860c/tensorboard_data_server-0.6.1-py3-none-any.whl", hash = "sha256:809fe9887682d35c1f7d1f54f0f40f98bb1f771b14265b453ca051e2ce58fca7", size = 2350, upload-time = "2021-05-05T21:49:46.023Z" },
    { url = "https://files.pythonhosted.org/packages/60/f9/802efd84988bffd9f644c03b6e66fde8e76c3aa33db4279ddd11c5d61f4b/tensorboard_data_server-0.6.1-py3-none-manylinux2010_x86_64.whl", hash = "sha256:d8237580755e58eff68d1f3abefb5b1e39ae5c8b127cc40920f9c4fb33f4b98a", size = 4910134, upload-time = "2021-05-05T21:49:51.761Z" },
]

[[package]]
name = "tensorboard-plugin-wit"
version = "1.8.1"
source = { registry = "https://pypi.org/simple" }
wheels = [
    { url = "https://files.pythonhosted.org/packages/e0/68/e8ecfac5dd594b676c23a7f07ea34c197d7d69b3313afdf8ac1b0a9905a2/tensorboard_plugin_wit-1.8.1-py3-none-any.whl", hash = "sha256:ff26bdd583d155aa951ee3b152b3d0cffae8005dc697f72b44a8e8c2a77a8cbe", size = 781327, upload-time = "2022-01-05T20:29:51.358Z" },
]

[[package]]
name = "tensorflow"
version = "2.11.0"
source = { registry = "https://pypi.org/simple" }
dependencies = [
    { name = "absl-py" },
    { name = "astunparse" },
    { name = "flatbuffers" },
    { name = "gast" },
    { name = "google-pasta" },
    { name = "grpcio" },
    { name = "h5py" },
    { name = "keras" },
    { name = "libclang" },
    { name = "numpy" },
    { name = "opt-einsum" },
    { name = "packaging" },
    { name = "protobuf" },
    { name = "setuptools" },
    { name = "six" },
    { name = "tensorboard" },
    { name = "tensorflow-estimator" },
    { name = "tensorflow-io-gcs-filesystem" },
    { name = "termcolor" },
    { name = "typing-extensions" },
    { name = "wrapt" },
]
wheels = [
    { url = "https://files.pythonhosted.org/packages/71/f5/20795b0d2cc65da482ddb1735e630b85ef4916673967ce30a64ecb979303/tensorflow-2.11.0-cp310-cp310-manylinux_2_17_x86_64.manylinux2014_x86_64.whl", hash = "sha256:d973458241c8771bf95d4ba68ad5d67b094f72dd181c2d562ffab538c1b0dad7", size = 588286645, upload-time = "2022-11-18T05:43:52.531Z" },
]

[[package]]
name = "tensorflow-estimator"
version = "2.11.0"
source = { registry = "https://pypi.org/simple" }
wheels = [
    { url = "https://files.pythonhosted.org/packages/bb/e2/8bf618c7c30a525054230ee6d40b036d3e5abc2c4ff67cf7c7420a519204/tensorflow_estimator-2.11.0-py2.py3-none-any.whl", hash = "sha256:ea3b64acfff3d9a244f06178c9bdedcbdd3f125b67d0888dba8229498d06468b", size = 439214, upload-time = "2022-11-12T06:24:39.776Z" },
]

[[package]]
name = "tensorflow-io-gcs-filesystem"
version = "0.37.1"
source = { registry = "https://pypi.org/simple" }
wheels = [
    { url = "https://files.pythonhosted.org/packages/f3/48/47b7d25572961a48b1de3729b7a11e835b888e41e0203cca82df95d23b91/tensorflow_io_gcs_filesystem-0.37.1-cp310-cp310-manylinux_2_17_x86_64.manylinux2014_x86_64.whl", hash = "sha256:9679b36e3a80921876f31685ab6f7270f3411a4cc51bc2847e80d0e4b5291e27", size = 5085736, upload-time = "2024-07-01T23:44:21.034Z" },
]

[[package]]
name = "termcolor"
version = "3.3.0"
source = { registry = "https://pypi.org/simple" }
sdist = { url = "https://files.pythonhosted.org/packages/46/79/cf31d7a93a8fdc6aa0fbb665be84426a8c5a557d9240b6239e9e11e35fc5/termcolor-3.3.0.tar.gz", hash = "sha256:348871ca648ec6a9a983a13ab626c0acce02f515b9e1983332b17af7979521c5", size = 14434, upload-time = "2025-12-29T12:55:21.882Z" }
wheels = [
    { url = "https://files.pythonhosted.org/packages/33/d1/8bb87d21e9aeb323cc03034f5eaf2c8f69841e40e4853c2627edf8111ed3/termcolor-3.3.0-py3-none-any.whl", hash = "sha256:cf642efadaf0a8ebbbf4bc7a31cec2f9b5f21a9f726f4ccbb08192c9c26f43a5", size = 7734, upload-time = "2025-12-29T12:55:20.718Z" },
]

[[package]]
name = "typing-extensions"
version = "4.16.0"
source = { registry = "https://pypi.org/simple" }
sdist = { url = "https://files.pythonhosted.org/packages/f6/cc/6253133b5bb138fc3306cebfbda2c520f545d36b5be2c7255cc528bb45d6/typing_extensions-4.16.0.tar.gz", hash = "sha256:dc983d19a509c94dba722ee6abd33940f7c05a89e243c47e907eb4db6f1a43e5", size = 113555, upload-time = "2026-07-02T08:40:05.92Z" }
wheels = [
    { url = "https://files.pythonhosted.org/packages/49/d3/b8441a820a491ddfc024b0b0cf0393375b75ea13866d9c66727e54c2fc80/typing_extensions-4.16.0-py3-none-any.whl", hash = "sha256:481caa481374e813c1b176ada14e97f1f67a4539ce9cfeb3f350d78d6370c2e8", size = 45571, upload-time = "2026-07-02T08:40:04.659Z" },
]

[[package]]
name = "urllib3"
version = "2.8.0"
source = { registry = "https://pypi.org/simple" }
sdist = { url = "https://files.pythonhosted.org/packages/e3/05/b17359e1cefb4f909b5e40b1b90a496d987258916dbbf88e842c729f510e/urllib3-2.8.0.tar.gz", hash = "sha256:63bf2ead4c879426ebf22ef2a781eeb4aa3b4ae798a0435506f8687fd5bb9b63", size = 458972, upload-time = "2026-09-15T19:29:36.253Z" }
wheels = [
    { url = "https://files.pythonhosted.org/packages/92/9d/c4e665119135114480843e7ab388fa94d8480650450e6f8e26b70d323a4c/urllib3-2.8.0-py3-none-any.whl", hash = "sha256:0cf3cae568d36aa9576b28dfb35f11328f1cb974ca7647d9475ebb86c75ac6e3", size = 135717, upload-time = "2026-09-15T19:29:34.577Z" },
]

[[package]]
name = "werkzeug"
version = "3.1.8"
source = { registry = "https://pypi.org/simple" }
dependencies = [
    { name = "markupsafe" },
]
sdist = { url = "https://files.pythonhosted.org/packages/dd/b2/381be8cfdee792dd117872481b6e378f85c957dd7c5bca38897b08f765fd/werkzeug-3.1.8.tar.gz", hash = "sha256:9bad61a4268dac112f1c5cd4630a56ede601b6ed420300677a869083d70a4c44", size = 875852, upload-time = "2026-04-02T18:49:14.268Z" }
wheels = [
    { url = "https://files.pythonhosted.org/packages/93/8c/2e650f2afeb7ee576912636c23ddb621c91ac6a98e66dc8d29c3c69446e1/werkzeug-3.1.8-py3-none-any.whl", hash = "sha256:63a77fb8892bf28ebc3178683445222aa500e48ebad5ec77b0ad80f8726b1f50", size = 226459, upload-time = "2026-04-02T18:49:12.72Z" },
]

[[package]]
name = "wheel"
version = "0.48.0"
source = { registry = "https://pypi.org/simple" }
dependencies = [
    { name = "packaging" },
]
sdist = { url = "https://files.pythonhosted.org/packages/d0/20/50ed6bdf27dec98b568a8ae25dc599f35baa3d9709f9e83fd1edb56b9a90/wheel-0.48.0.tar.gz", hash = "sha256:94800765601e9171bf5d58d066e640662842bcedcbab982b2c90787a2c987322", size = 66471, upload-time = "2026-08-11T22:02:27.327Z" }
wheels = [
    { url = "https://files.pythonhosted.org/packages/2e/29/69cfbb602cd91690c55d38ba9fe53e6a7e76a6fa647bf38f19c138d25449/wheel-0.48.0-py3-none-any.whl", hash = "sha256:3217dcc807155e45db462d7ef2431f5ddda0d7273b700d05a67b271ceb1287ab", size = 33320, upload-time = "2026-08-11T22:02:26.1Z" },
]

[[package]]
name = "wrapt"
version = "2.4.1"
source = { registry = "https://pypi.org/simple" }
sdist = { url = "https://files.pythonhosted.org/packages/42/a6/6375d56c44d590ef24acf0f8f5bf7ed768ff7a510b959306ec412611e90f/wrapt-2.4.1.tar.gz", hash = "sha256:fd6390aab9e8aa40c52eff3c180f098e8d9f5894b1fd4c4fd2c207067b33ed16", size = 164597, upload-time = "2026-09-10T23:12:16.811Z" }
wheels = [
    { url = "https://files.pythonhosted.org/packages/3c/e9/2c1a482052cfabd6906887096993099afa2db738e7597c30e4f2b9922718/wrapt-2.4.1-cp310-cp310-manylinux1_x86_64.manylinux_2_28_x86_64.manylinux_2_5_x86_64.whl", hash = "sha256:2945f4bce1518e09eb25458dbd09800f7aa3fee81a5a5cefe66c4e82fe8cb69c", size = 217028, upload-time = "2026-09-10T23:09:40.259Z" },
    { url = "https://files.pythonhosted.org/packages/bb/e5/8b5af45e8e7dc102b78a40b077f071466a0f584898fe57ce181bbca2572b/wrapt-2.4.1-cp310-cp310-musllinux_1_2_x86_64.whl", hash = "sha256:de5d2d7f12557c9e994b4037330efa5700fccb9f2b9df0bd4ccf384eaf73c254", size = 206937, upload-time = "2026-09-10T23:09:47.328Z" },
    { url = "https://files.pythonhosted.org/packages/4f/a2/edcfc8d9a30375791b775715f8501364588f65b494ec4f6930568a19e765/wrapt-2.4.1-py3-none-any.whl", hash = "sha256:1e84ec5d89a0a07a0ef6bcd343f5c8ecdc95601d71de3058cdc63274e86c193c", size = 75317, upload-time = "2026-09-10T23:12:14.82Z" },
]
